
Microsoft Visual Studio Solution File, Format Version 12.00
# Visual Studio Version 17
VisualStudioVersion = 17.14.36414.22
MinimumVisualStudioVersion = 10.0.40219.1
Project("{FAE04EC0-301F-11D3-BF4B-00C04F79EFBC}") = "sushi_market_back", "sushi_market_back\sushi_market_back.csproj", "{74D3AFF4-01C3-4B00-A3A1-2D2CC56C7F3D}"
EndProject
Project("{FAE04EC0-301F-11D3-BF4B-00C04F79EFBC}") = "SushiMarket.BLL", "SushiMarket.BLL\SushiMarket.BLL.csproj", "{78CDFF06-EED1-4852-9EF5-7A73648B6AC9}"
EndProject
Project("{FAE04EC0-301F-11D3-BF4B-00C04F79EFBC}") = "SushiMarket.DAL", "SushiMarket.DAL\SushiMarket.DAL.csproj", "{7AE58B57-F3BE-4C22-9904-399640DACC83}"
EndProject
Project("{FAE04EC0-301F-11D3-BF4B-00C04F79EFBC}") = "SushiMarket.XUnitTest", "SushiMarket.XUnitTest\SushiMarket.XUnitTest.csproj", "{88B47942-92A3-4C56-93E7-DCDE72315611}"
EndProject
Global
	GlobalSection(SolutionConfigurationPlatforms) = preSolution
		Debug|Any CPU = Debug|Any CPU
		Release|Any CPU = Release|Any CPU
	EndGlobalSection
	GlobalSection(ProjectConfigurationPlatforms) = postSolution
		{74D3AFF4-01C3-4B00-A3A1-2D2CC56C7F3D}.Debug|Any CPU.ActiveCfg = Debug|Any CPU
		{74D3AFF4-01C3-4B00-A3A1-2D2CC56C7F3D}.Debug|Any CPU.Build.0 = Debug|Any CPU
		{74D3AFF4-01C3-4B00-A3A1-2D2CC56C7F3D}.Release|Any CPU.ActiveCfg = Release|Any CPU
		{74D3AFF4-01C3-4B00-A3A1-2D2CC56C7F3D}.Release|Any CPU.Build.0 = Release|Any CPU
		{78CDFF06-EED1-4852-9EF5-7A73648B6AC9}.Debug|Any CPU.ActiveCfg = Debug|Any CPU
		{78CDFF06-EED1-4852-9EF5-7A73648B6AC9}.Debug|Any CPU.Build.0 = Debug|Any CPU
		{78CDFF06-EED1-4852-9EF5-7A73648B6AC9}.Release|Any CPU.ActiveCfg = Release|Any CPU
		{78CDFF06-EED1-4852-9EF5-7A73648B6AC9}.Release|Any CPU.Build.0 = Release|Any CPU
		{7AE58B57-F3BE-4C22-9904-399640DACC83}.Debug|Any CPU.ActiveCfg = Debug|Any CPU
		{7AE58B57-F3BE-4C22-9904-399640DACC83}.Debug|Any CPU.Build.0 = Debug|Any CPU
		{7AE58B57-F3BE-4C22-9904-399640DACC83}.Release|Any CPU.ActiveCfg = Release|Any CPU
		{7AE58B57-F3BE-4C22-9904-399640DACC83}.Release|Any CPU.Build.0 = Release|Any CPU
		{88B47942-92A3-4C56-93E7-DCDE72315611}.Debug|Any CPU.ActiveCfg = Debug|Any CPU
		{88B47942-92A3-4C56-93E7-DCDE72315611}.Debug|Any CPU.Build.0 = Debug|Any CPU
		{88B47942-92A3-4C56-93E7-DCDE72315611}.Release|Any CPU.ActiveCfg = Release|Any CPU
		{88B47942-92A3-4C56-93E7-DCDE72315611}.Release|Any CPU.Build.0 = Release|Any CPU
	EndGlobalSection
	GlobalSection(SolutionProperties) = preSolution
		HideSolutionNode = FALSE
	EndGlobalSection
	GlobalSection(ExtensibilityGlobals) = postSolution
		SolutionGuid = {DB6F5274-CD58-4469-AC25-10A900A7A695}
	EndGlobalSection
EndGlobal
